
Microsoft Visual Studio Solution File, Format Version 12.00
# Visual Studio Version 17
VisualStudioVersion = 17.14.36109.1
MinimumVisualStudioVersion = 10.0.40219.1
Project("{FAE04EC0-301F-11D3-BF4B-00C04F79EFBC}") = "BlazorPwaKit", "src\BlazorPwaKit\BlazorPwaKit.csproj", "{8A231F2E-641E-40E6-87AF-6A91808BA6E6}"
EndProject
Project("{FAE04EC0-301F-11D3-BF4B-00C04F79EFBC}") = "BlazorPwaKit.Example", "Example\BlazorPwaKit.Example\BlazorPwaKit.Example.csproj", "{ED6AFDB8-1CAE-4CD0-B464-EF4A9599C082}"
EndProject
Global
	GlobalSection(SolutionConfigurationPlatforms) = preSolution
		Debug|Any CPU = Debug|Any CPU
		Release|Any CPU = Release|Any CPU
	EndGlobalSection
	GlobalSection(ProjectConfigurationPlatforms) = postSolution
		{8A231F2E-641E-40E6-87AF-6A91808BA6E6}.Debug|Any CPU.ActiveCfg = Debug|Any CPU
		{8A231F2E-641E-40E6-87AF-6A91808BA6E6}.Debug|Any CPU.Build.0 = Debug|Any CPU
		{8A231F2E-641E-40E6-87AF-6A91808BA6E6}.Release|Any CPU.ActiveCfg = Release|Any CPU
		{8A231F2E-641E-40E6-87AF-6A91808BA6E6}.Release|Any CPU.Build.0 = Release|Any CPU
		{ED6AFDB8-1CAE-4CD0-B464-EF4A9599C082}.Debug|Any CPU.ActiveCfg = Debug|Any CPU
		{ED6AFDB8-1CAE-4CD0-B464-EF4A9599C082}.Debug|Any CPU.Build.0 = Debug|Any CPU
		{ED6AFDB8-1CAE-4CD0-B464-EF4A9599C082}.Release|Any CPU.ActiveCfg = Release|Any CPU
		{ED6AFDB8-1CAE-4CD0-B464-EF4A9599C082}.Release|Any CPU.Build.0 = Release|Any CPU
	EndGlobalSection
	GlobalSection(SolutionProperties) = preSolution
		HideSolutionNode = FALSE
	EndGlobalSection
	GlobalSection(ExtensibilityGlobals) = postSolution
		SolutionGuid = {84A4ED16-8CBB-41B3-A20E-C6C135B73D75}
	EndGlobalSection
EndGlobal
